
Microsoft Visual Studio Solution File, Format Version 12.00
# Visual Studio Version 17
VisualStudioVersion = 17.13.35818.85 d17.13
MinimumVisualStudioVersion = 10.0.40219.1
Project("{FAE04EC0-301F-11D3-BF4B-00C04F79EFBC}") = "guess the number", "guess the number\guess the number.csproj", "{6AAEAB5A-CA52-4B5D-ADA6-DEF789E65F6A}"
EndProject
Global
	GlobalSection(SolutionConfigurationPlatforms) = preSolution
		Debug|Any CPU = Debug|Any CPU
		Release|Any CPU = Release|Any CPU
	EndGlobalSection
	GlobalSection(ProjectConfigurationPlatforms) = postSolution
		{6AAEAB5A-CA52-4B5D-ADA6-DEF789E65F6A}.Debug|Any CPU.ActiveCfg = Debug|Any CPU
		{6AAEAB5A-CA52-4B5D-ADA6-DEF789E65F6A}.Debug|Any CPU.Build.0 = Debug|Any CPU
		{6AAEAB5A-CA52-4B5D-ADA6-DEF789E65F6A}.Release|Any CPU.ActiveCfg = Release|Any CPU
		{6AAEAB5A-CA52-4B5D-ADA6-DEF789E65F6A}.Release|Any CPU.Build.0 = Release|Any CPU
	EndGlobalSection
	GlobalSection(SolutionProperties) = preSolution
		HideSolutionNode = FALSE
	EndGlobalSection
	GlobalSection(ExtensibilityGlobals) = postSolution
		SolutionGuid = {72507475-99FA-46E7-B901-FC7CD65B231F}
	EndGlobalSection
EndGlobal
